
Microsoft Visual Studio Solution File, Format Version 12.00
# Visual Studio 15
VisualStudioVersion = 15.0.28307.1022
MinimumVisualStudioVersion = 10.0.40219.1
Project("{FAE04EC0-301F-11D3-BF4B-00C04F79EFBC}") = "MapSimulator", "MapSimulator\MapSimulator.csproj", "{0C0BB491-D92C-44E3-BFD1-BBF72F96CB50}"
EndProject
Global
	GlobalSection(SolutionConfigurationPlatforms) = preSolution
		Debug|Any CPU = Debug|Any CPU
		Release|Any CPU = Release|Any CPU
	EndGlobalSection
	GlobalSection(ProjectConfigurationPlatforms) = postSolution
		{0C0BB491-D92C-44E3-BFD1-BBF72F96CB50}.Debug|Any CPU.ActiveCfg = Debug|Any CPU
		{0C0BB491-D92C-44E3-BFD1-BBF72F96CB50}.Debug|Any CPU.Build.0 = Debug|Any CPU
		{0C0BB491-D92C-44E3-BFD1-BBF72F96CB50}.Release|Any CPU.ActiveCfg = Release|Any CPU
		{0C0BB491-D92C-44E3-BFD1-BBF72F96CB50}.Release|Any CPU.Build.0 = Release|Any CPU
	EndGlobalSection
	GlobalSection(SolutionProperties) = preSolution
		HideSolutionNode = FALSE
	EndGlobalSection
	GlobalSection(ExtensibilityGlobals) = postSolution
		SolutionGuid = {A04F2322-6D9E-4791-8130-CE61BB854AC0}
	EndGlobalSection
EndGlobal
